PODS:
  - ffmpeg_kit_flutter (6.0.3):
    - ffmpeg_kit_flutter/ffmpeg_kit_ios_local (= 6.0.3)
    - Flutter
  - ffmpeg_kit_flutter/ffmpeg_kit_ios_local (6.0.3):
    - Flutter
  - Flutter (1.0.0)
  - flutter_native_splash (2.4.3):
    - Flutter
  - LXFProtocolTool/AssociatedObjectStore (3.2.1)
  - LXFProtocolTool/Base (3.2.1)
  - LXFProtocolTool/FullScreenable (3.2.1):
    - LXFProtocolTool/AssociatedObjectStore
    - LXFProtocolTool/Base
  - media_player_plugin (0.0.1):
    - Flutter
    - SwiftyXMLParser (~> 5.0.0)
  - pasteboard (0.0.1):
    - Flutter
  - path_provider_foundation (0.0.1):
    - Flutter
    - FlutterMacOS
  - sqflite_darwin (0.0.4):
    - Flutter
    - FlutterMacOS
  - SwiftyXMLParser (5.0.0)
  - switch_orientation (0.0.1):
    - Flutter
    - LXFProtocolTool/FullScreenable (~> 3.2.1)
  - volume_controller (0.0.1):
    - Flutter
  - webview_cookie_manager (0.0.1):
    - Flutter
  - webview_flutter_wkwebview (0.0.1):
    - Flutter
    - FlutterMacOS

DEPENDENCIES:
  - ffmpeg_kit_flutter (from `.symlinks/plugins/ffmpeg_kit_flutter/ios`)
  - Flutter (from `Flutter`)
  - flutter_native_splash (from `.symlinks/plugins/flutter_native_splash/ios`)
  - media_player_plugin (from `.symlinks/plugins/media_player_plugin/ios`)
  - pasteboard (from `.symlinks/plugins/pasteboard/ios`)
  - path_provider_foundation (from `.symlinks/plugins/path_provider_foundation/darwin`)
  - sqflite_darwin (from `.symlinks/plugins/sqflite_darwin/darwin`)
  - switch_orientation (from `.symlinks/plugins/switch_orientation/ios`)
  - volume_controller (from `.symlinks/plugins/volume_controller/ios`)
  - webview_cookie_manager (from `.symlinks/plugins/webview_cookie_manager/ios`)
  - webview_flutter_wkwebview (from `.symlinks/plugins/webview_flutter_wkwebview/darwin`)

SPEC REPOS:
  trunk:
    - LXFProtocolTool
    - SwiftyXMLParser

EXTERNAL SOURCES:
  ffmpeg_kit_flutter:
    :path: ".symlinks/plugins/ffmpeg_kit_flutter/ios"
  Flutter:
    :path: Flutter
  flutter_native_splash:
    :path: ".symlinks/plugins/flutter_native_splash/ios"
  media_player_plugin:
    :path: ".symlinks/plugins/media_player_plugin/ios"
  pasteboard:
    :path: ".symlinks/plugins/pasteboard/ios"
  path_provider_foundation:
    :path: ".symlinks/plugins/path_provider_foundation/darwin"
  sqflite_darwin:
    :path: ".symlinks/plugins/sqflite_darwin/darwin"
  switch_orientation:
    :path: ".symlinks/plugins/switch_orientation/ios"
  volume_controller:
    :path: ".symlinks/plugins/volume_controller/ios"
  webview_cookie_manager:
    :path: ".symlinks/plugins/webview_cookie_manager/ios"
  webview_flutter_wkwebview:
    :path: ".symlinks/plugins/webview_flutter_wkwebview/darwin"

SPEC CHECKSUMS:
  ffmpeg_kit_flutter: e7449f74ff7dd97fab1b479c862f7f72ff1127ca
  Flutter: e0871f40cf51350855a761d2e70bf5af5b9b5de7
  flutter_native_splash: 6cad9122ea0fad137d23137dd14b937f3e90b145
  LXFProtocolTool: 34dbdb98b3ed7d53465709797e3654f9d29ecd40
  media_player_plugin: adb1c63b5e118c9f962b0c2b24d0e09d682d515f
  pasteboard: 49088aeb6119d51f976a421db60d8e1ab079b63c
  path_provider_foundation: 080d55be775b7414fd5a5ef3ac137b97b097e564
  sqflite_darwin: 20b2a3a3b70e43edae938624ce550a3cbf66a3d0
  SwiftyXMLParser: 5ebb8793192f403fa8cc691045143906122a7a75
  switch_orientation: d253da1bb2b22d76a6a4168e90768ccfdcf02501
  volume_controller: ca1cde542ee70fad77d388f82e9616488110942b
  webview_cookie_manager: d63a76cabdf42a7ea3d92768ac67d4853a1367f8
  webview_flutter_wkwebview: 1821ceac936eba6f7984d89a9f3bcb4dea99ebb2

PODFILE CHECKSUM: 0c1a7d39d2cab86062129124e8242f32d66e2d9b

COCOAPODS: 1.16.2
